
Microsoft Visual Studio Solution File, Format Version 12.00
# Visual Studio 15
VisualStudioVersion = 15.0.27428.2011
MinimumVisualStudioVersion = 10.0.40219.1
Project("{2150E333-8FDC-42A3-9474-1A3956D46DE8}") = "Tests", "Tests", "{533683F1-B92C-4149-A2AD-6045623BC6D8}"
EndProject
Project("{9A19103F-16F7-4668-BE54-9A1E7A4F7556}") = "XmlSerializerHelper", "XmlSerializerHelper\XmlSerializerHelper.csproj", "{00C0CF40-4DD0-480A-B87F-7F05F38AEFF8}"
EndProject
Project("{2150E333-8FDC-42A3-9474-1A3956D46DE8}") = "Samples", "Samples", "{65745AD5-8B24-49D0-8296-8837185599F4}"
EndProject
Project("{2150E333-8FDC-42A3-9474-1A3956D46DE8}") = "Solution Items", "Solution Items", "{6C3549E8-125A-4A83-83C8-FB60EABDD1CB}"
	ProjectSection(SolutionItems) = preProject
		build.yml = build.yml
		README.md = README.md
	EndProjectSection
EndProject
Project("{9A19103F-16F7-4668-BE54-9A1E7A4F7556}") = "XmlSerializerHelper.Tests", "Tests\XmlSerializerHelper.Tests\XmlSerializerHelper.Tests.csproj", "{6AB8E4D3-591C-4A32-A29A-087EC4E79158}"
EndProject
Project("{FAE04EC0-301F-11D3-BF4B-00C04F79EFBC}") = "XmlConsoleApp", "Samples\XmlConsoleApp\XmlConsoleApp.csproj", "{073550C9-B5E0-464E-81D7-1DCA174D75A5}"
EndProject
Project("{9A19103F-16F7-4668-BE54-9A1E7A4F7556}") = "XmlSample", "Samples\XmlSample\XmlSample.csproj", "{7F064A46-775D-49DC-AB5D-0E63DC064305}"
EndProject
Global
	GlobalSection(SharedMSBuildProjectFiles) = preSolution
		XmlSerializerHelper.Shared\XmlSerializerHelper.Shared.projitems*{00c0cf40-4dd0-480a-b87f-7f05f38aeff8}*SharedItemsImports = 4
	EndGlobalSection
	GlobalSection(SolutionConfigurationPlatforms) = preSolution
		AppStore|Any CPU = AppStore|Any CPU
		AppStore|ARM = AppStore|ARM
		AppStore|x64 = AppStore|x64
		AppStore|x86 = AppStore|x86
		Debug|Any CPU = Debug|Any CPU
		Debug|ARM = Debug|ARM
		Debug|x64 = Debug|x64
		Debug|x86 = Debug|x86
		Release|Any CPU = Release|Any CPU
		Release|ARM = Release|ARM
		Release|x64 = Release|x64
		Release|x86 = Release|x86
	EndGlobalSection
	GlobalSection(ProjectConfigurationPlatforms) = postSolution
		{00C0CF40-4DD0-480A-B87F-7F05F38AEFF8}.AppStore|Any CPU.ActiveCfg = Release|Any CPU
		{00C0CF40-4DD0-480A-B87F-7F05F38AEFF8}.AppStore|Any CPU.Build.0 = Release|Any CPU
		{00C0CF40-4DD0-480A-B87F-7F05F38AEFF8}.AppStore|ARM.ActiveCfg = Release|Any CPU
		{00C0CF40-4DD0-480A-B87F-7F05F38AEFF8}.AppStore|ARM.Build.0 = Release|Any CPU
		{00C0CF40-4DD0-480A-B87F-7F05F38AEFF8}.AppStore|x64.ActiveCfg = Release|Any CPU
		{00C0CF40-4DD0-480A-B87F-7F05F38AEFF8}.AppStore|x64.Build.0 = Release|Any CPU
		{00C0CF40-4DD0-480A-B87F-7F05F38AEFF8}.AppStore|x86.ActiveCfg = Release|Any CPU
		{00C0CF40-4DD0-480A-B87F-7F05F38AEFF8}.AppStore|x86.Build.0 = Release|Any CPU
		{00C0CF40-4DD0-480A-B87F-7F05F38AEFF8}.Debug|Any CPU.ActiveCfg = Debug|Any CPU
		{00C0CF40-4DD0-480A-B87F-7F05F38AEFF8}.Debug|Any CPU.Build.0 = Debug|Any CPU
		{00C0CF40-4DD0-480A-B87F-7F05F38AEFF8}.Debug|ARM.ActiveCfg = Debug|Any CPU
		{00C0CF40-4DD0-480A-B87F-7F05F38AEFF8}.Debug|ARM.Build.0 = Debug|Any CPU
		{00C0CF40-4DD0-480A-B87F-7F05F38AEFF8}.Debug|x64.ActiveCfg = Debug|Any CPU
		{00C0CF40-4DD0-480A-B87F-7F05F38AEFF8}.Debug|x64.Build.0 = Debug|Any CPU
		{00C0CF40-4DD0-480A-B87F-7F05F38AEFF8}.Debug|x86.ActiveCfg = Debug|Any CPU
		{00C0CF40-4DD0-480A-B87F-7F05F38AEFF8}.Debug|x86.Build.0 = Debug|Any CPU
		{00C0CF40-4DD0-480A-B87F-7F05F38AEFF8}.Release|Any CPU.ActiveCfg = Release|Any CPU
		{00C0CF40-4DD0-480A-B87F-7F05F38AEFF8}.Release|Any CPU.Build.0 = Release|Any CPU
		{00C0CF40-4DD0-480A-B87F-7F05F38AEFF8}.Release|ARM.ActiveCfg = Release|Any CPU
		{00C0CF40-4DD0-480A-B87F-7F05F38AEFF8}.Release|ARM.Build.0 = Release|Any CPU
		{00C0CF40-4DD0-480A-B87F-7F05F38AEFF8}.Release|x64.ActiveCfg = Release|Any CPU
		{00C0CF40-4DD0-480A-B87F-7F05F38AEFF8}.Release|x64.Build.0 = Release|Any CPU
		{00C0CF40-4DD0-480A-B87F-7F05F38AEFF8}.Release|x86.ActiveCfg = Release|Any CPU
		{00C0CF40-4DD0-480A-B87F-7F05F38AEFF8}.Release|x86.Build.0 = Release|Any CPU
		{6AB8E4D3-591C-4A32-A29A-087EC4E79158}.AppStore|Any CPU.ActiveCfg = Debug|Any CPU
		{6AB8E4D3-591C-4A32-A29A-087EC4E79158}.AppStore|Any CPU.Build.0 = Debug|Any CPU
		{6AB8E4D3-591C-4A32-A29A-087EC4E79158}.AppStore|ARM.ActiveCfg = Debug|Any CPU
		{6AB8E4D3-591C-4A32-A29A-087EC4E79158}.AppStore|ARM.Build.0 = Debug|Any CPU
		{6AB8E4D3-591C-4A32-A29A-087EC4E79158}.AppStore|x64.ActiveCfg = Debug|Any CPU
		{6AB8E4D3-591C-4A32-A29A-087EC4E79158}.AppStore|x64.Build.0 = Debug|Any CPU
		{6AB8E4D3-591C-4A32-A29A-087EC4E79158}.AppStore|x86.ActiveCfg = Debug|Any CPU
		{6AB8E4D3-591C-4A32-A29A-087EC4E79158}.AppStore|x86.Build.0 = Debug|Any CPU
		{6AB8E4D3-591C-4A32-A29A-087EC4E79158}.Debug|Any CPU.ActiveCfg = Debug|Any CPU
		{6AB8E4D3-591C-4A32-A29A-087EC4E79158}.Debug|Any CPU.Build.0 = Debug|Any CPU
		{6AB8E4D3-591C-4A32-A29A-087EC4E79158}.Debug|ARM.ActiveCfg = Debug|Any CPU
		{6AB8E4D3-591C-4A32-A29A-087EC4E79158}.Debug|ARM.Build.0 = Debug|Any CPU
		{6AB8E4D3-591C-4A32-A29A-087EC4E79158}.Debug|x64.ActiveCfg = Debug|Any CPU
		{6AB8E4D3-591C-4A32-A29A-087EC4E79158}.Debug|x64.Build.0 = Debug|Any CPU
		{6AB8E4D3-591C-4A32-A29A-087EC4E79158}.Debug|x86.ActiveCfg = Debug|Any CPU
		{6AB8E4D3-591C-4A32-A29A-087EC4E79158}.Debug|x86.Build.0 = Debug|Any CPU
		{6AB8E4D3-591C-4A32-A29A-087EC4E79158}.Release|Any CPU.ActiveCfg = Release|Any CPU
		{6AB8E4D3-591C-4A32-A29A-087EC4E79158}.Release|Any CPU.Build.0 = Release|Any CPU
		{6AB8E4D3-591C-4A32-A29A-087EC4E79158}.Release|ARM.ActiveCfg = Release|Any CPU
		{6AB8E4D3-591C-4A32-A29A-087EC4E79158}.Release|ARM.Build.0 = Release|Any CPU
		{6AB8E4D3-591C-4A32-A29A-087EC4E79158}.Release|x64.ActiveCfg = Release|Any CPU
		{6AB8E4D3-591C-4A32-A29A-087EC4E79158}.Release|x64.Build.0 = Release|Any CPU
		{6AB8E4D3-591C-4A32-A29A-087EC4E79158}.Release|x86.ActiveCfg = Release|Any CPU
		{6AB8E4D3-591C-4A32-A29A-087EC4E79158}.Release|x86.Build.0 = Release|Any CPU
		{073550C9-B5E0-464E-81D7-1DCA174D75A5}.AppStore|Any CPU.ActiveCfg = Debug|Any CPU
		{073550C9-B5E0-464E-81D7-1DCA174D75A5}.AppStore|Any CPU.Build.0 = Debug|Any CPU
		{073550C9-B5E0-464E-81D7-1DCA174D75A5}.AppStore|ARM.ActiveCfg = Debug|Any CPU
		{073550C9-B5E0-464E-81D7-1DCA174D75A5}.AppStore|ARM.Build.0 = Debug|Any CPU
		{073550C9-B5E0-464E-81D7-1DCA174D75A5}.AppStore|x64.ActiveCfg = Debug|Any CPU
		{073550C9-B5E0-464E-81D7-1DCA174D75A5}.AppStore|x64.Build.0 = Debug|Any CPU
		{073550C9-B5E0-464E-81D7-1DCA174D75A5}.AppStore|x86.ActiveCfg = Debug|Any CPU
		{073550C9-B5E0-464E-81D7-1DCA174D75A5}.AppStore|x86.Build.0 = Debug|Any CPU
		{073550C9-B5E0-464E-81D7-1DCA174D75A5}.Debug|Any CPU.ActiveCfg = Debug|Any CPU
		{073550C9-B5E0-464E-81D7-1DCA174D75A5}.Debug|Any CPU.Build.0 = Debug|Any CPU
		{073550C9-B5E0-464E-81D7-1DCA174D75A5}.Debug|ARM.ActiveCfg = Debug|Any CPU
		{073550C9-B5E0-464E-81D7-1DCA174D75A5}.Debug|ARM.Build.0 = Debug|Any CPU
		{073550C9-B5E0-464E-81D7-1DCA174D75A5}.Debug|x64.ActiveCfg = Debug|Any CPU
		{073550C9-B5E0-464E-81D7-1DCA174D75A5}.Debug|x64.Build.0 = Debug|Any CPU
		{073550C9-B5E0-464E-81D7-1DCA174D75A5}.Debug|x86.ActiveCfg = Debug|Any CPU
		{073550C9-B5E0-464E-81D7-1DCA174D75A5}.Debug|x86.Build.0 = Debug|Any CPU
		{073550C9-B5E0-464E-81D7-1DCA174D75A5}.Release|Any CPU.ActiveCfg = Release|Any CPU
		{073550C9-B5E0-464E-81D7-1DCA174D75A5}.Release|Any CPU.Build.0 = Release|Any CPU
		{073550C9-B5E0-464E-81D7-1DCA174D75A5}.Release|ARM.ActiveCfg = Release|Any CPU
		{073550C9-B5E0-464E-81D7-1DCA174D75A5}.Release|ARM.Build.0 = Release|Any CPU
		{073550C9-B5E0-464E-81D7-1DCA174D75A5}.Release|x64.ActiveCfg = Release|Any CPU
		{073550C9-B5E0-464E-81D7-1DCA174D75A5}.Release|x64.Build.0 = Release|Any CPU
		{073550C9-B5E0-464E-81D7-1DCA174D75A5}.Release|x86.ActiveCfg = Release|Any CPU
		{073550C9-B5E0-464E-81D7-1DCA174D75A5}.Release|x86.Build.0 = Release|Any CPU
		{7F064A46-775D-49DC-AB5D-0E63DC064305}.AppStore|Any CPU.ActiveCfg = Debug|Any CPU
		{7F064A46-775D-49DC-AB5D-0E63DC064305}.AppStore|Any CPU.Build.0 = Debug|Any CPU
		{7F064A46-775D-49DC-AB5D-0E63DC064305}.AppStore|ARM.ActiveCfg = Debug|Any CPU
		{7F064A46-775D-49DC-AB5D-0E63DC064305}.AppStore|ARM.Build.0 = Debug|Any CPU
		{7F064A46-775D-49DC-AB5D-0E63DC064305}.AppStore|x64.ActiveCfg = Debug|Any CPU
		{7F064A46-775D-49DC-AB5D-0E63DC064305}.AppStore|x64.Build.0 = Debug|Any CPU
		{7F064A46-775D-49DC-AB5D-0E63DC064305}.AppStore|x86.ActiveCfg = Debug|Any CPU
		{7F064A46-775D-49DC-AB5D-0E63DC064305}.AppStore|x86.Build.0 = Debug|Any CPU
		{7F064A46-775D-49DC-AB5D-0E63DC064305}.Debug|Any CPU.ActiveCfg = Debug|Any CPU
		{7F064A46-775D-49DC-AB5D-0E63DC064305}.Debug|Any CPU.Build.0 = Debug|Any CPU
		{7F064A46-775D-49DC-AB5D-0E63DC064305}.Debug|ARM.ActiveCfg = Debug|Any CPU
		{7F064A46-775D-49DC-AB5D-0E63DC064305}.Debug|ARM.Build.0 = Debug|Any CPU
		{7F064A46-775D-49DC-AB5D-0E63DC064305}.Debug|x64.ActiveCfg = Debug|Any CPU
		{7F064A46-775D-49DC-AB5D-0E63DC064305}.Debug|x64.Build.0 = Debug|Any CPU
		{7F064A46-775D-49DC-AB5D-0E63DC064305}.Debug|x86.ActiveCfg = Debug|Any CPU
		{7F064A46-775D-49DC-AB5D-0E63DC064305}.Debug|x86.Build.0 = Debug|Any CPU
		{7F064A46-775D-49DC-AB5D-0E63DC064305}.Release|Any CPU.ActiveCfg = Release|Any CPU
		{7F064A46-775D-49DC-AB5D-0E63DC064305}.Release|Any CPU.Build.0 = Release|Any CPU
		{7F064A46-775D-49DC-AB5D-0E63DC064305}.Release|ARM.ActiveCfg = Release|Any CPU
		{7F064A46-775D-49DC-AB5D-0E63DC064305}.Release|ARM.Build.0 = Release|Any CPU
		{7F064A46-775D-49DC-AB5D-0E63DC064305}.Release|x64.ActiveCfg = Release|Any CPU
		{7F064A46-775D-49DC-AB5D-0E63DC064305}.Release|x64.Build.0 = Release|Any CPU
		{7F064A46-775D-49DC-AB5D-0E63DC064305}.Release|x86.ActiveCfg = Release|Any CPU
		{7F064A46-775D-49DC-AB5D-0E63DC064305}.Release|x86.Build.0 = Release|Any CPU
	EndGlobalSection
	GlobalSection(SolutionProperties) = preSolution
		HideSolutionNode = FALSE
	EndGlobalSection
	GlobalSection(NestedProjects) = preSolution
		{6AB8E4D3-591C-4A32-A29A-087EC4E79158} = {533683F1-B92C-4149-A2AD-6045623BC6D8}
		{073550C9-B5E0-464E-81D7-1DCA174D75A5} = {65745AD5-8B24-49D0-8296-8837185599F4}
		{7F064A46-775D-49DC-AB5D-0E63DC064305} = {65745AD5-8B24-49D0-8296-8837185599F4}
	EndGlobalSection
	GlobalSection(ExtensibilityGlobals) = postSolution
		SolutionGuid = {AB4CC110-1A99-4414-B5B1-CD2E0BAF3622}
	EndGlobalSection
EndGlobal
